
Microsoft Visual Studio Solution File, Format Version 12.00
# Visual Studio Version 17
VisualStudioVersion = 17.0.31903.59
MinimumVisualStudioVersion = 10.0.40219.1
Project("{FAE04EC0-301F-11D3-BF4B-00C04F79EFBC}") = "PetHomeFinder.Web", "PetHomeFinder.Web\PetHomeFinder.Web.csproj", "{E5E084E7-47C6-49EB-B7E7-7D87DABEE178}"
EndProject
Project("{2150E333-8FDC-42A3-9474-1A3956D46DE8}") = "SolutionItems", "SolutionItems", "{BFC4876E-05EC-4275-AF87-523308DF674C}"
	ProjectSection(SolutionItems) = preProject
		docker-compose.yml = docker-compose.yml
	EndProjectSection
EndProject
Project("{FAE04EC0-301F-11D3-BF4B-00C04F79EFBC}") = "PetHomeFinder.Volunteers.Contracts", "Volunteers\src\PetHomeFinder.Volunteers.Contracts\PetHomeFinder.Volunteers.Contracts.csproj", "{818CF12E-8623-497C-AFEF-890A607711E2}"
EndProject
Project("{FAE04EC0-301F-11D3-BF4B-00C04F79EFBC}") = "PetHomeFinder.Volunteers.Infrastructure", "Volunteers\src\PetHomeFinder.Volunteers.Infrastructure\PetHomeFinder.Volunteers.Infrastructure.csproj", "{01CFAD7A-034F-453E-8616-00271E0397B1}"
EndProject
Project("{FAE04EC0-301F-11D3-BF4B-00C04F79EFBC}") = "PetHomeFinder.Volunteers.Domain", "Volunteers\src\PetHomeFinder.Volunteers.Domain\PetHomeFinder.Volunteers.Domain.csproj", "{39598126-EEA5-4337-88CE-26F6BB66C289}"
EndProject
Project("{FAE04EC0-301F-11D3-BF4B-00C04F79EFBC}") = "PetHomeFinder.Volunteers.Presentation", "Volunteers\src\PetHomeFinder.Volunteers.Presentation\PetHomeFinder.Volunteers.Presentation.csproj", "{97D32301-30DD-4C77-8FAA-5A0A47B30EA0}"
EndProject
Project("{FAE04EC0-301F-11D3-BF4B-00C04F79EFBC}") = "PetHomeFinder.AnimalSpecies.Infrastructure", "AnimalSpecies\src\PetHomeFinder.AnimalSpecies.Infrastructure\PetHomeFinder.AnimalSpecies.Infrastructure.csproj", "{60CBF1AC-84CE-4C97-A8F8-A5DE001F21B8}"
EndProject
Project("{FAE04EC0-301F-11D3-BF4B-00C04F79EFBC}") = "PetHomeFinder.AnimalSpecies.Contracts", "AnimalSpecies\src\PetHomeFinder.AnimalSpecies.Contracts\PetHomeFinder.AnimalSpecies.Contracts.csproj", "{57252136-EA81-45A2-8AFC-FA53EF3695DC}"
EndProject
Project("{FAE04EC0-301F-11D3-BF4B-00C04F79EFBC}") = "PetHomeFinder.AnimalSpecies.Presentation", "AnimalSpecies\src\PetHomeFinder.AnimalSpecies.Presentation\PetHomeFinder.AnimalSpecies.Presentation.csproj", "{649C7B16-CE99-42DC-9592-38BE4A092C8E}"
EndProject
Project("{FAE04EC0-301F-11D3-BF4B-00C04F79EFBC}") = "PetHomeFinder.Core", "Shared\PetHomeFinder.Core\PetHomeFinder.Core.csproj", "{2D4F0A45-F506-4503-B239-50146D146D13}"
EndProject
Project("{FAE04EC0-301F-11D3-BF4B-00C04F79EFBC}") = "PetHomeFinder.SharedKernel", "Shared\PetHomeFinder.SharedKernel\PetHomeFinder.SharedKernel.csproj", "{5D853C39-D523-4D37-80D7-8CA714309BDE}"
EndProject
Project("{FAE04EC0-301F-11D3-BF4B-00C04F79EFBC}") = "PetHomeFinder.Framework", "Shared\PetHomeFinder.Framework\PetHomeFinder.Framework.csproj", "{845D26B2-B96A-4F39-95FD-57AB0D881E59}"
EndProject
Project("{2150E333-8FDC-42A3-9474-1A3956D46DE8}") = "Volunteers", "Volunteers", "{ABAB95B9-4BC9-477B-A3A2-50BA2BFDAA1B}"
EndProject
Project("{2150E333-8FDC-42A3-9474-1A3956D46DE8}") = "AnimalSpecies", "AnimalSpecies", "{DDC4162F-EA9F-4397-B9A1-6D7016888B01}"
EndProject
Project("{2150E333-8FDC-42A3-9474-1A3956D46DE8}") = "Shared", "Shared", "{F5BF8E6E-730C-45B5-8E78-753B214234C1}"
EndProject
Project("{2150E333-8FDC-42A3-9474-1A3956D46DE8}") = "src", "src", "{698FEFB3-A333-45D7-8FC0-1031FEADC9CF}"
EndProject
Project("{2150E333-8FDC-42A3-9474-1A3956D46DE8}") = "tests", "tests", "{3CECF344-0D46-441E-9428-4B6C3DD59753}"
EndProject
Project("{2150E333-8FDC-42A3-9474-1A3956D46DE8}") = "src", "src", "{E11EDF0E-7939-41E8-86A3-3C4752A81B10}"
EndProject
Project("{2150E333-8FDC-42A3-9474-1A3956D46DE8}") = "tests", "tests", "{DAFBE2C2-CB31-4E9A-BD37-680ED96184D0}"
EndProject
Project("{FAE04EC0-301F-11D3-BF4B-00C04F79EFBC}") = "PetHomeFinder.Volunteers.UnitTests", "Volunteers\tests\PetHomeFinder.Volunteers.UnitTests\PetHomeFinder.Volunteers.UnitTests.csproj", "{6D6C8E78-04E6-4251-B5FF-A3683AAD387E}"
EndProject
Project("{FAE04EC0-301F-11D3-BF4B-00C04F79EFBC}") = "PetHomeFinder.Volunteers.IntegrationTests", "Volunteers\tests\PetHomeFinder.Volunteers.IntegrationTests\PetHomeFinder.Volunteers.IntegrationTests.csproj", "{A48B431F-C2C6-4322-A4EA-592AE98719D6}"
EndProject
Project("{FAE04EC0-301F-11D3-BF4B-00C04F79EFBC}") = "PetHomeFinder.Volunteers.Application", "Volunteers\src\PetHomeFinder.Volunteers.Application\PetHomeFinder.Volunteers.Application.csproj", "{3BF79CF0-7E50-47D4-82FE-6315629CBBA9}"
EndProject
Project("{FAE04EC0-301F-11D3-BF4B-00C04F79EFBC}") = "PetHomeFinder.AnimalSpecies.Application", "AnimalSpecies\src\PetHomeFinder.AnimalSpecies.Application\PetHomeFinder.AnimalSpecies.Application.csproj", "{D7E1ED8A-E6DB-4427-87EE-756472FCA988}"
EndProject
Project("{FAE04EC0-301F-11D3-BF4B-00C04F79EFBC}") = "PetHomeFinder.AnimalSpecies.Domain", "AnimalSpecies\src\PetHomeFinder.AnimalSpecies.Domain\PetHomeFinder.AnimalSpecies.Domain.csproj", "{C80DF6F9-9FAC-4252-9C70-319469317958}"
EndProject
Project("{FAE04EC0-301F-11D3-BF4B-00C04F79EFBC}") = "PetHomeFinder.AnimalSpecies.IntegrationTests", "AnimalSpecies\tests\PetHomeFinder.AnimalSpecies.IntegrationTests\PetHomeFinder.AnimalSpecies.IntegrationTests.csproj", "{3FB1E6B4-303E-4D20-8E5A-795699D72DE2}"
EndProject
Project("{2150E333-8FDC-42A3-9474-1A3956D46DE8}") = "Accounts", "Accounts", "{03010E09-402A-425B-A960-7188DFE881B1}"
EndProject
Project("{2150E333-8FDC-42A3-9474-1A3956D46DE8}") = "src", "src", "{448D4959-D3E7-40A1-8E27-855F5336D748}"
EndProject
Project("{2150E333-8FDC-42A3-9474-1A3956D46DE8}") = "tests", "tests", "{5567FD1A-DC93-4571-B478-1929CBD63725}"
EndProject
Project("{FAE04EC0-301F-11D3-BF4B-00C04F79EFBC}") = "PetHomeFinder.Accounts.Application", "Accounts\src\PetHomeFinder.Accounts.Application\PetHomeFinder.Accounts.Application.csproj", "{B11F6B80-866C-4B8B-8297-9C8618A575A5}"
EndProject
Project("{FAE04EC0-301F-11D3-BF4B-00C04F79EFBC}") = "PetHomeFinder.Accounts.Infrastructure", "Accounts\src\PetHomeFinder.Accounts.Infrastructure\PetHomeFinder.Accounts.Infrastructure.csproj", "{4B566E23-8064-4300-BC0C-A0E054283672}"
EndProject
Project("{FAE04EC0-301F-11D3-BF4B-00C04F79EFBC}") = "PetHomeFinder.Accounts.Contracts", "Accounts\src\PetHomeFinder.Accounts.Contracts\PetHomeFinder.Accounts.Contracts.csproj", "{D45260F2-053C-43BD-B4F1-4611665CDCAC}"
EndProject
Project("{FAE04EC0-301F-11D3-BF4B-00C04F79EFBC}") = "PetHomeFinder.Accounts.Presentation", "Accounts\src\PetHomeFinder.Accounts.Presentation\PetHomeFinder.Accounts.Presentation.csproj", "{277432E3-5742-4AFD-AF0D-98DF112BAE2D}"
EndProject
Project("{FAE04EC0-301F-11D3-BF4B-00C04F79EFBC}") = "PetHomeFinder.Accounts.Domain", "Accounts\src\PetHomeFinder.Accounts.Domain\PetHomeFinder.Accounts.Domain.csproj", "{E1577003-5769-4F96-B6C8-5F56A9BC279B}"
EndProject
Global
	GlobalSection(SolutionConfigurationPlatforms) = preSolution
		Debug|Any CPU = Debug|Any CPU
		Release|Any CPU = Release|Any CPU
	EndGlobalSection
	GlobalSection(ProjectConfigurationPlatforms) = postSolution
		{E5E084E7-47C6-49EB-B7E7-7D87DABEE178}.Debug|Any CPU.ActiveCfg = Debug|Any CPU
		{E5E084E7-47C6-49EB-B7E7-7D87DABEE178}.Debug|Any CPU.Build.0 = Debug|Any CPU
		{E5E084E7-47C6-49EB-B7E7-7D87DABEE178}.Release|Any CPU.ActiveCfg = Release|Any CPU
		{E5E084E7-47C6-49EB-B7E7-7D87DABEE178}.Release|Any CPU.Build.0 = Release|Any CPU
		{818CF12E-8623-497C-AFEF-890A607711E2}.Debug|Any CPU.ActiveCfg = Debug|Any CPU
		{818CF12E-8623-497C-AFEF-890A607711E2}.Debug|Any CPU.Build.0 = Debug|Any CPU
		{818CF12E-8623-497C-AFEF-890A607711E2}.Release|Any CPU.ActiveCfg = Release|Any CPU
		{818CF12E-8623-497C-AFEF-890A607711E2}.Release|Any CPU.Build.0 = Release|Any CPU
		{01CFAD7A-034F-453E-8616-00271E0397B1}.Debug|Any CPU.ActiveCfg = Debug|Any CPU
		{01CFAD7A-034F-453E-8616-00271E0397B1}.Debug|Any CPU.Build.0 = Debug|Any CPU
		{01CFAD7A-034F-453E-8616-00271E0397B1}.Release|Any CPU.ActiveCfg = Release|Any CPU
		{01CFAD7A-034F-453E-8616-00271E0397B1}.Release|Any CPU.Build.0 = Release|Any CPU
		{39598126-EEA5-4337-88CE-26F6BB66C289}.Debug|Any CPU.ActiveCfg = Debug|Any CPU
		{39598126-EEA5-4337-88CE-26F6BB66C289}.Debug|Any CPU.Build.0 = Debug|Any CPU
		{39598126-EEA5-4337-88CE-26F6BB66C289}.Release|Any CPU.ActiveCfg = Release|Any CPU
		{39598126-EEA5-4337-88CE-26F6BB66C289}.Release|Any CPU.Build.0 = Release|Any CPU
		{97D32301-30DD-4C77-8FAA-5A0A47B30EA0}.Debug|Any CPU.ActiveCfg = Debug|Any CPU
		{97D32301-30DD-4C77-8FAA-5A0A47B30EA0}.Debug|Any CPU.Build.0 = Debug|Any CPU
		{97D32301-30DD-4C77-8FAA-5A0A47B30EA0}.Release|Any CPU.ActiveCfg = Release|Any CPU
		{97D32301-30DD-4C77-8FAA-5A0A47B30EA0}.Release|Any CPU.Build.0 = Release|Any CPU
		{60CBF1AC-84CE-4C97-A8F8-A5DE001F21B8}.Debug|Any CPU.ActiveCfg = Debug|Any CPU
		{60CBF1AC-84CE-4C97-A8F8-A5DE001F21B8}.Debug|Any CPU.Build.0 = Debug|Any CPU
		{60CBF1AC-84CE-4C97-A8F8-A5DE001F21B8}.Release|Any CPU.ActiveCfg = Release|Any CPU
		{60CBF1AC-84CE-4C97-A8F8-A5DE001F21B8}.Release|Any CPU.Build.0 = Release|Any CPU
		{57252136-EA81-45A2-8AFC-FA53EF3695DC}.Debug|Any CPU.ActiveCfg = Debug|Any CPU
		{57252136-EA81-45A2-8AFC-FA53EF3695DC}.Debug|Any CPU.Build.0 = Debug|Any CPU
		{57252136-EA81-45A2-8AFC-FA53EF3695DC}.Release|Any CPU.ActiveCfg = Release|Any CPU
		{57252136-EA81-45A2-8AFC-FA53EF3695DC}.Release|Any CPU.Build.0 = Release|Any CPU
		{649C7B16-CE99-42DC-9592-38BE4A092C8E}.Debug|Any CPU.ActiveCfg = Debug|Any CPU
		{649C7B16-CE99-42DC-9592-38BE4A092C8E}.Debug|Any CPU.Build.0 = Debug|Any CPU
		{649C7B16-CE99-42DC-9592-38BE4A092C8E}.Release|Any CPU.ActiveCfg = Release|Any CPU
		{649C7B16-CE99-42DC-9592-38BE4A092C8E}.Release|Any CPU.Build.0 = Release|Any CPU
		{2D4F0A45-F506-4503-B239-50146D146D13}.Debug|Any CPU.ActiveCfg = Debug|Any CPU
		{2D4F0A45-F506-4503-B239-50146D146D13}.Debug|Any CPU.Build.0 = Debug|Any CPU
		{2D4F0A45-F506-4503-B239-50146D146D13}.Release|Any CPU.ActiveCfg = Release|Any CPU
		{2D4F0A45-F506-4503-B239-50146D146D13}.Release|Any CPU.Build.0 = Release|Any CPU
		{5D853C39-D523-4D37-80D7-8CA714309BDE}.Debug|Any CPU.ActiveCfg = Debug|Any CPU
		{5D853C39-D523-4D37-80D7-8CA714309BDE}.Debug|Any CPU.Build.0 = Debug|Any CPU
		{5D853C39-D523-4D37-80D7-8CA714309BDE}.Release|Any CPU.ActiveCfg = Release|Any CPU
		{5D853C39-D523-4D37-80D7-8CA714309BDE}.Release|Any CPU.Build.0 = Release|Any CPU
		{845D26B2-B96A-4F39-95FD-57AB0D881E59}.Debug|Any CPU.ActiveCfg = Debug|Any CPU
		{845D26B2-B96A-4F39-95FD-57AB0D881E59}.Debug|Any CPU.Build.0 = Debug|Any CPU
		{845D26B2-B96A-4F39-95FD-57AB0D881E59}.Release|Any CPU.ActiveCfg = Release|Any CPU
		{845D26B2-B96A-4F39-95FD-57AB0D881E59}.Release|Any CPU.Build.0 = Release|Any CPU
		{6D6C8E78-04E6-4251-B5FF-A3683AAD387E}.Debug|Any CPU.ActiveCfg = Debug|Any CPU
		{6D6C8E78-04E6-4251-B5FF-A3683AAD387E}.Debug|Any CPU.Build.0 = Debug|Any CPU
		{6D6C8E78-04E6-4251-B5FF-A3683AAD387E}.Release|Any CPU.ActiveCfg = Release|Any CPU
		{6D6C8E78-04E6-4251-B5FF-A3683AAD387E}.Release|Any CPU.Build.0 = Release|Any CPU
		{A48B431F-C2C6-4322-A4EA-592AE98719D6}.Debug|Any CPU.ActiveCfg = Debug|Any CPU
		{A48B431F-C2C6-4322-A4EA-592AE98719D6}.Debug|Any CPU.Build.0 = Debug|Any CPU
		{A48B431F-C2C6-4322-A4EA-592AE98719D6}.Release|Any CPU.ActiveCfg = Release|Any CPU
		{A48B431F-C2C6-4322-A4EA-592AE98719D6}.Release|Any CPU.Build.0 = Release|Any CPU
		{3BF79CF0-7E50-47D4-82FE-6315629CBBA9}.Debug|Any CPU.ActiveCfg = Debug|Any CPU
		{3BF79CF0-7E50-47D4-82FE-6315629CBBA9}.Debug|Any CPU.Build.0 = Debug|Any CPU
		{3BF79CF0-7E50-47D4-82FE-6315629CBBA9}.Release|Any CPU.ActiveCfg = Release|Any CPU
		{3BF79CF0-7E50-47D4-82FE-6315629CBBA9}.Release|Any CPU.Build.0 = Release|Any CPU
		{D7E1ED8A-E6DB-4427-87EE-756472FCA988}.Debug|Any CPU.ActiveCfg = Debug|Any CPU
		{D7E1ED8A-E6DB-4427-87EE-756472FCA988}.Debug|Any CPU.Build.0 = Debug|Any CPU
		{D7E1ED8A-E6DB-4427-87EE-756472FCA988}.Release|Any CPU.ActiveCfg = Release|Any CPU
		{D7E1ED8A-E6DB-4427-87EE-756472FCA988}.Release|Any CPU.Build.0 = Release|Any CPU
		{C80DF6F9-9FAC-4252-9C70-319469317958}.Debug|Any CPU.ActiveCfg = Debug|Any CPU
		{C80DF6F9-9FAC-4252-9C70-319469317958}.Debug|Any CPU.Build.0 = Debug|Any CPU
		{C80DF6F9-9FAC-4252-9C70-319469317958}.Release|Any CPU.ActiveCfg = Release|Any CPU
		{C80DF6F9-9FAC-4252-9C70-319469317958}.Release|Any CPU.Build.0 = Release|Any CPU
		{3FB1E6B4-303E-4D20-8E5A-795699D72DE2}.Debug|Any CPU.ActiveCfg = Debug|Any CPU
		{3FB1E6B4-303E-4D20-8E5A-795699D72DE2}.Debug|Any CPU.Build.0 = Debug|Any CPU
		{3FB1E6B4-303E-4D20-8E5A-795699D72DE2}.Release|Any CPU.ActiveCfg = Release|Any CPU
		{3FB1E6B4-303E-4D20-8E5A-795699D72DE2}.Release|Any CPU.Build.0 = Release|Any CPU
		{B11F6B80-866C-4B8B-8297-9C8618A575A5}.Debug|Any CPU.ActiveCfg = Debug|Any CPU
		{B11F6B80-866C-4B8B-8297-9C8618A575A5}.Debug|Any CPU.Build.0 = Debug|Any CPU
		{B11F6B80-866C-4B8B-8297-9C8618A575A5}.Release|Any CPU.ActiveCfg = Release|Any CPU
		{B11F6B80-866C-4B8B-8297-9C8618A575A5}.Release|Any CPU.Build.0 = Release|Any CPU
		{4B566E23-8064-4300-BC0C-A0E054283672}.Debug|Any CPU.ActiveCfg = Debug|Any CPU
		{4B566E23-8064-4300-BC0C-A0E054283672}.Debug|Any CPU.Build.0 = Debug|Any CPU
		{4B566E23-8064-4300-BC0C-A0E054283672}.Release|Any CPU.ActiveCfg = Release|Any CPU
		{4B566E23-8064-4300-BC0C-A0E054283672}.Release|Any CPU.Build.0 = Release|Any CPU
		{D45260F2-053C-43BD-B4F1-4611665CDCAC}.Debug|Any CPU.ActiveCfg = Debug|Any CPU
		{D45260F2-053C-43BD-B4F1-4611665CDCAC}.Debug|Any CPU.Build.0 = Debug|Any CPU
		{D45260F2-053C-43BD-B4F1-4611665CDCAC}.Release|Any CPU.ActiveCfg = Release|Any CPU
		{D45260F2-053C-43BD-B4F1-4611665CDCAC}.Release|Any CPU.Build.0 = Release|Any CPU
		{277432E3-5742-4AFD-AF0D-98DF112BAE2D}.Debug|Any CPU.ActiveCfg = Debug|Any CPU
		{277432E3-5742-4AFD-AF0D-98DF112BAE2D}.Debug|Any CPU.Build.0 = Debug|Any CPU
		{277432E3-5742-4AFD-AF0D-98DF112BAE2D}.Release|Any CPU.ActiveCfg = Release|Any CPU
		{277432E3-5742-4AFD-AF0D-98DF112BAE2D}.Release|Any CPU.Build.0 = Release|Any CPU
		{E1577003-5769-4F96-B6C8-5F56A9BC279B}.Debug|Any CPU.ActiveCfg = Debug|Any CPU
		{E1577003-5769-4F96-B6C8-5F56A9BC279B}.Debug|Any CPU.Build.0 = Debug|Any CPU
		{E1577003-5769-4F96-B6C8-5F56A9BC279B}.Release|Any CPU.ActiveCfg = Release|Any CPU
		{E1577003-5769-4F96-B6C8-5F56A9BC279B}.Release|Any CPU.Build.0 = Release|Any CPU
	EndGlobalSection
	GlobalSection(SolutionProperties) = preSolution
		HideSolutionNode = FALSE
	EndGlobalSection
	GlobalSection(NestedProjects) = preSolution
		{2D4F0A45-F506-4503-B239-50146D146D13} = {F5BF8E6E-730C-45B5-8E78-753B214234C1}
		{845D26B2-B96A-4F39-95FD-57AB0D881E59} = {F5BF8E6E-730C-45B5-8E78-753B214234C1}
		{5D853C39-D523-4D37-80D7-8CA714309BDE} = {F5BF8E6E-730C-45B5-8E78-753B214234C1}
		{698FEFB3-A333-45D7-8FC0-1031FEADC9CF} = {DDC4162F-EA9F-4397-B9A1-6D7016888B01}
		{57252136-EA81-45A2-8AFC-FA53EF3695DC} = {698FEFB3-A333-45D7-8FC0-1031FEADC9CF}
		{60CBF1AC-84CE-4C97-A8F8-A5DE001F21B8} = {698FEFB3-A333-45D7-8FC0-1031FEADC9CF}
		{649C7B16-CE99-42DC-9592-38BE4A092C8E} = {698FEFB3-A333-45D7-8FC0-1031FEADC9CF}
		{3CECF344-0D46-441E-9428-4B6C3DD59753} = {DDC4162F-EA9F-4397-B9A1-6D7016888B01}
		{E11EDF0E-7939-41E8-86A3-3C4752A81B10} = {ABAB95B9-4BC9-477B-A3A2-50BA2BFDAA1B}
		{818CF12E-8623-497C-AFEF-890A607711E2} = {E11EDF0E-7939-41E8-86A3-3C4752A81B10}
		{39598126-EEA5-4337-88CE-26F6BB66C289} = {E11EDF0E-7939-41E8-86A3-3C4752A81B10}
		{01CFAD7A-034F-453E-8616-00271E0397B1} = {E11EDF0E-7939-41E8-86A3-3C4752A81B10}
		{97D32301-30DD-4C77-8FAA-5A0A47B30EA0} = {E11EDF0E-7939-41E8-86A3-3C4752A81B10}
		{DAFBE2C2-CB31-4E9A-BD37-680ED96184D0} = {ABAB95B9-4BC9-477B-A3A2-50BA2BFDAA1B}
		{6D6C8E78-04E6-4251-B5FF-A3683AAD387E} = {DAFBE2C2-CB31-4E9A-BD37-680ED96184D0}
		{A48B431F-C2C6-4322-A4EA-592AE98719D6} = {DAFBE2C2-CB31-4E9A-BD37-680ED96184D0}
		{3BF79CF0-7E50-47D4-82FE-6315629CBBA9} = {E11EDF0E-7939-41E8-86A3-3C4752A81B10}
		{D7E1ED8A-E6DB-4427-87EE-756472FCA988} = {698FEFB3-A333-45D7-8FC0-1031FEADC9CF}
		{C80DF6F9-9FAC-4252-9C70-319469317958} = {698FEFB3-A333-45D7-8FC0-1031FEADC9CF}
		{3FB1E6B4-303E-4D20-8E5A-795699D72DE2} = {3CECF344-0D46-441E-9428-4B6C3DD59753}
		{448D4959-D3E7-40A1-8E27-855F5336D748} = {03010E09-402A-425B-A960-7188DFE881B1}
		{5567FD1A-DC93-4571-B478-1929CBD63725} = {03010E09-402A-425B-A960-7188DFE881B1}
		{B11F6B80-866C-4B8B-8297-9C8618A575A5} = {448D4959-D3E7-40A1-8E27-855F5336D748}
		{4B566E23-8064-4300-BC0C-A0E054283672} = {448D4959-D3E7-40A1-8E27-855F5336D748}
		{D45260F2-053C-43BD-B4F1-4611665CDCAC} = {448D4959-D3E7-40A1-8E27-855F5336D748}
		{277432E3-5742-4AFD-AF0D-98DF112BAE2D} = {448D4959-D3E7-40A1-8E27-855F5336D748}
		{E1577003-5769-4F96-B6C8-5F56A9BC279B} = {448D4959-D3E7-40A1-8E27-855F5336D748}
	EndGlobalSection
	GlobalSection(ExtensibilityGlobals) = postSolution
		SolutionGuid = {A3A7365B-417C-42C4-BC9F-4F9F17012930}
	EndGlobalSection
EndGlobal
